// !$*UTF8*$!
{
	archiveVersion = 1;
	classes = {
	};
	objectVersion = 50;
	objects = {

/* Begin PBXBuildFile section */
		4F108788233D133B009827CC /* Lab6.c in Sources */ = {isa = PBXBuildFile; fileRef = 4F108787233D133B009827CC /* Lab6.c */; };
		4F5B7BDB23313CF3009048F0 /* Lab1.c in Sources */ = {isa = PBXBuildFile; fileRef = 4F5B7BDA23313CF3009048F0 /* Lab1.c */; };
		4F5B7BDE23313D2D009048F0 /* Lab2.c in Sources */ = {isa = PBXBuildFile; fileRef = 4F5B7BDD23313D2D009048F0 /* Lab2.c */; };
		4F5B7BE123313D61009048F0 /* Lab3.c in Sources */ = {isa = PBXBuildFile; fileRef = 4F5B7BE023313D61009048F0 /* Lab3.c */; };
		4F5B7BE423313D8B009048F0 /* Lab4.c in Sources */ = {isa = PBXBuildFile; fileRef = 4F5B7BE323313D8B009048F0 /* Lab4.c */; };
		4F5B7BE723313DAA009048F0 /* Lab5.c in Sources */ = {isa = PBXBuildFile; fileRef = 4F5B7BE623313DAA009048F0 /* Lab5.c */; };
		4FCD7402232BF037000461F4 /* main.c in Sources */ = {isa = PBXBuildFile; fileRef = 4FCD7401232BF037000461F4 /* main.c */; };
/* End PBXBuildFile section */

/* Begin PBXCopyFilesBuildPhase section */
		4FCD73FC232BF037000461F4 /* CopyFiles */ = {
			isa = PBXCopyFilesBuildPhase;
			buildActionMask = 2147483647;
			dstPath = /usr/share/man/man1/;
			dstSubfolderSpec = 0;
			files = (
			);
			runOnlyForDeploymentPostprocessing = 1;
		};
/* End PBXCopyFilesBuildPhase section */

/* Begin PBXFileReference section */
		4F108786233D133B009827CC /* Lab6.h */ = {isa = PBXFileReference; lastKnownFileType = sourcecode.c.h; path = Lab6.h; sourceTree = "<group>"; };
		4F108787233D133B009827CC /* Lab6.c */ = {isa = PBXFileReference; lastKnownFileType = sourcecode.c.c; path = Lab6.c; sourceTree = "<group>"; };
		4F5B7BD923313CF3009048F0 /* Lab1.h */ = {isa = PBXFileReference; lastKnownFileType = sourcecode.c.h; path = Lab1.h; sourceTree = "<group>"; };
		4F5B7BDA23313CF3009048F0 /* Lab1.c */ = {isa = PBXFileReference; lastKnownFileType = sourcecode.c.c; path = Lab1.c; sourceTree = "<group>"; };
		4F5B7BDC23313D2D009048F0 /* Lab2.h */ = {isa = PBXFileReference; lastKnownFileType = sourcecode.c.h; path = Lab2.h; sourceTree = "<group>"; };
		4F5B7BDD23313D2D009048F0 /* Lab2.c */ = {isa = PBXFileReference; lastKnownFileType = sourcecode.c.c; path = Lab2.c; sourceTree = "<group>"; };
		4F5B7BDF23313D61009048F0 /* Lab3.h */ = {isa = PBXFileReference; lastKnownFileType = sourcecode.c.h; path = Lab3.h; sourceTree = "<group>"; };
		4F5B7BE023313D61009048F0 /* Lab3.c */ = {isa = PBXFileReference; lastKnownFileType = sourcecode.c.c; path = Lab3.c; sourceTree = "<group>"; };
		4F5B7BE223313D8B009048F0 /* Lab4.h */ = {isa = PBXFileReference; lastKnownFileType = sourcecode.c.h; path = Lab4.h; sourceTree = "<group>"; };
		4F5B7BE323313D8B009048F0 /* Lab4.c */ = {isa = PBXFileReference; lastKnownFileType = sourcecode.c.c; path = Lab4.c; sourceTree = "<group>"; };
		4F5B7BE523313DAA009048F0 /* Lab5.h */ = {isa = PBXFileReference; lastKnownFileType = sourcecode.c.h; path = Lab5.h; sourceTree = "<group>"; };
		4F5B7BE623313DAA009048F0 /* Lab5.c */ = {isa = PBXFileReference; lastKnownFileType = sourcecode.c.c; path = Lab5.c; sourceTree = "<group>"; };
		4FCD73FE232BF037000461F4 /* DaneLab1 */ = {isa = PBXFileReference; explicitFileType = "compiled.mach-o.executable"; includeInIndex = 0; path = DaneLab1; sourceTree = BUILT_PRODUCTS_DIR; };
		4FCD7401232BF037000461F4 /* main.c */ = {isa = PBXFileReference; lastKnownFileType = sourcecode.c.c; path = main.c; sourceTree = "<group>"; };
/* End PBXFileReference section */

/* Begin PBXFrameworksBuildPhase section */
		4FCD73FB232BF037000461F4 /* Frameworks */ = {
			isa = PBXFrameworksBuildPhase;
			buildActionMask = 2147483647;
			files = (
			);
			runOnlyForDeploymentPostprocessing = 0;
		};
/* End PBXFrameworksBuildPhase section */

/* Begin PBXGroup section */
		4FCD73F5232BF037000461F4 = {
			isa = PBXGroup;
			children = (
				4FCD7400232BF037000461F4 /* DaneLabs */,
				4FCD73FF232BF037000461F4 /* Products */,
			);
			sourceTree = "<group>";
		};
		4FCD73FF232BF037000461F4 /* Products */ = {
			isa = PBXGroup;
			children = (
				4FCD73FE232BF037000461F4 /* DaneLab1 */,
			);
			name = Products;
			sourceTree = "<group>";
		};
		4FCD7400232BF037000461F4 /* DaneLabs */ = {
			isa = PBXGroup;
			children = (
				4FCD7401232BF037000461F4 /* main.c */,
				4F5B7BD923313CF3009048F0 /* Lab1.h */,
				4F5B7BDA23313CF3009048F0 /* Lab1.c */,
				4F5B7BDC23313D2D009048F0 /* Lab2.h */,
				4F5B7BDD23313D2D009048F0 /* Lab2.c */,
				4F5B7BDF23313D61009048F0 /* Lab3.h */,
				4F5B7BE023313D61009048F0 /* Lab3.c */,
				4F5B7BE223313D8B009048F0 /* Lab4.h */,
				4F5B7BE323313D8B009048F0 /* Lab4.c */,
				4F5B7BE523313DAA009048F0 /* Lab5.h */,
				4F5B7BE623313DAA009048F0 /* Lab5.c */,
				4F108786233D133B009827CC /* Lab6.h */,
				4F108787233D133B009827CC /* Lab6.c */,
			);
			path = DaneLabs;
			sourceTree = "<group>";
		};
/* End PBXGroup section */

/* Begin PBXNativeTarget section */
		4FCD73FD232BF037000461F4 /* DaneLab1 */ = {
			isa = PBXNativeTarget;
			buildConfigurationList = 4FCD7405232BF037000461F4 /* Build configuration list for PBXNativeTarget "DaneLab1" */;
			buildPhases = (
				4FCD73FA232BF037000461F4 /* Sources */,
				4FCD73FB232BF037000461F4 /* Frameworks */,
				4FCD73FC232BF037000461F4 /* CopyFiles */,
			);
			buildRules = (
			);
			dependencies = (
			);
			name = DaneLab1;
			productName = DaneLab1;
			productReference = 4FCD73FE232BF037000461F4 /* DaneLab1 */;
			productType = "com.apple.product-type.tool";
		};
/* End PBXNativeTarget section */

/* Begin PBXProject section */
		4FCD73F6232BF037000461F4 /* Project object */ = {
			isa = PBXProject;
			attributes = {
				LastUpgradeCheck = 1030;
				ORGANIZATIONNAME = "Vestal, Dane";
				TargetAttributes = {
					4FCD73FD232BF037000461F4 = {
						CreatedOnToolsVersion = 10.3;
					};
				};
			};
			buildConfigurationList = 4FCD73F9232BF037000461F4 /* Build configuration list for PBXProject "DaneLab1" */;
			compatibilityVersion = "Xcode 9.3";
			developmentRegion = en;
			hasScannedForEncodings = 0;
			knownRegions = (
				en,
			);
			mainGroup = 4FCD73F5232BF037000461F4;
			productRefGroup = 4FCD73FF232BF037000461F4 /* Products */;
			projectDirPath = "";
			projectRoot = "";
			targets = (
				4FCD73FD232BF037000461F4 /* DaneLab1 */,
			);
		};
/* End PBXProject section */

/* Begin PBXSourcesBuildPhase section */
		4FCD73FA232BF037000461F4 /* Sources */ = {
			isa = PBXSourcesBuildPhase;
			buildActionMask = 2147483647;
			files = (
				4F5B7BE423313D8B009048F0 /* Lab4.c in Sources */,
				4F5B7BE723313DAA009048F0 /* Lab5.c in Sources */,
				4FCD7402232BF037000461F4 /* main.c in Sources */,
				4F5B7BE123313D61009048F0 /* Lab3.c in Sources */,
				4F108788233D133B009827CC /* Lab6.c in Sources */,
				4F5B7BDE23313D2D009048F0 /* Lab2.c in Sources */,
				4F5B7BDB23313CF3009048F0 /* Lab1.c in Sources */,
			);
			runOnlyForDeploymentPostprocessing = 0;
		};
/* End PBXSourcesBuildPhase section */

/* Begin XCBuildConfiguration section */
		4FCD7403232BF037000461F4 /* Debug */ = {
			isa = XCBuildConfiguration;
			buildSettings = {
				ALWAYS_SEARCH_USER_PATHS = NO;
				CLANG_ANALYZER_NONNULL = YES;
				CLANG_ANALYZER_NUMBER_OBJECT_CONVERSION = YES_AGGRESSIVE;
				CLANG_CXX_LANGUAGE_STANDARD = "gnu++14";
				CLANG_CXX_LIBRARY = "libc++";
				CLANG_ENABLE_MODULES = YES;
				CLANG_ENABLE_OBJC_ARC = YES;
				CLANG_ENABLE_OBJC_WEAK = YES;
				CLANG_WARN_BLOCK_CAPTURE_AUTORELEASING = YES;
				CLANG_WARN_BOOL_CONVERSION = YES;
				CLANG_WARN_COMMA = YES;
				CLANG_WARN_CONSTANT_CONVERSION = YES;
				CLANG_WARN_DEPRECATED_OBJC_IMPLEMENTATIONS = YES;
				CLANG_WARN_DIRECT_OBJC_ISA_USAGE = YES_ERROR;
				CLANG_WARN_DOCUMENTATION_COMMENTS = YES;
				CLANG_WARN_EMPTY_BODY = YES;
				CLANG_WARN_ENUM_CONVERSION = YES;
				CLANG_WARN_INFINITE_RECURSION = YES;
				CLANG_WARN_INT_CONVERSION = YES;
				CLANG_WARN_NON_LITERAL_NULL_CONVERSION = YES;
				CLANG_WARN_OBJC_IMPLICIT_RETAIN_SELF = YES;
				CLANG_WARN_OBJC_LITERAL_CONVERSION = YES;
				CLANG_WARN_OBJC_ROOT_CLASS = YES_ERROR;
				CLANG_WARN_RANGE_LOOP_ANALYSIS = YES;
				CLANG_WARN_STRICT_PROTOTYPES = YES;
				CLANG_WARN_SUSPICIOUS_MOVE = YES;
				CLANG_WARN_UNGUARDED_AVAILABILITY = YES_AGGRESSIVE;
				CLANG_WARN_UNREACHABLE_CODE = YES;
				CLANG_WARN__DUPLICATE_METHOD_MATCH = YES;
				CODE_SIGN_IDENTITY = "-";
				COPY_PHASE_STRIP = NO;
				DEBUG_INFORMATION_FORMAT = dwarf;
				ENABLE_STRICT_OBJC_MSGSEND = YES;
				ENABLE_TESTABILITY = YES;
				GCC_C_LANGUAGE_STANDARD = gnu11;
				GCC_DYNAMIC_NO_PIC = NO;
				GCC_NO_COMMON_BLOCKS = YES;
				GCC_OPTIMIZATION_LEVEL = 0;
				GCC_PREPROCESSOR_DEFINITIONS = (
					"DEBUG=1",
					"$(inherited)",
				);
				GCC_WARN_64_TO_32_BIT_CONVERSION = YES;
				GCC_WARN_ABOUT_RETURN_TYPE = YES_ERROR;
				GCC_WARN_UNDECLARED_SELECTOR = YES;
				GCC_WARN_UNINITIALIZED_AUTOS = YES_AGGRESSIVE;
				GCC_WARN_UNUSED_FUNCTION = YES;
				GCC_WARN_UNUSED_VARIABLE = YES;
				MACOSX_DEPLOYMENT_TARGET = 10.14;
				MTL_ENABLE_DEBUG_INFO = INCLUDE_SOURCE;
				MTL_FAST_MATH = YES;
				ONLY_ACTIVE_ARCH = YES;
				SDKROOT = macosx;
			};
			name = Debug;
		};
		4FCD7404232BF037000461F4 /* Release */ = {
			isa = XCBuildConfiguration;
			buildSettings = {
				ALWAYS_SEARCH_USER_PATHS = NO;
				CLANG_ANALYZER_NONNULL = YES;
				CLANG_ANALYZER_NUMBER_OBJECT_CONVERSION = YES_AGGRESSIVE;
				CLANG_CXX_LANGUAGE_STANDARD = "gnu++14";
				CLANG_CXX_LIBRARY = "libc++";
				CLANG_ENABLE_MODULES = YES;
				CLANG_ENABLE_OBJC_ARC = YES;
				CLANG_ENABLE_OBJC_WEAK = YES;
				CLANG_WARN_BLOCK_CAPTURE_AUTORELEASING = YES;
				CLANG_WARN_BOOL_CONVERSION = YES;
				CLANG_WARN_COMMA = YES;
				CLANG_WARN_CONSTANT_CONVERSION = YES;
				CLANG_WARN_DEPRECATED_OBJC_IMPLEMENTATIONS = YES;
				CLANG_WARN_DIRECT_OBJC_ISA_USAGE = YES_ERROR;
				CLANG_WARN_DOCUMENTATION_COMMENTS = YES;
				CLANG_WARN_EMPTY_BODY = YES;
				CLANG_WARN_ENUM_CONVERSION = YES;
				CLANG_WARN_INFINITE_RECURSION = YES;
				CLANG_WARN_INT_CONVERSION = YES;
				CLANG_WARN_NON_LITERAL_NULL_CONVERSION = YES;
				CLANG_WARN_OBJC_IMPLICIT_RETAIN_SELF = YES;
				CLANG_WARN_OBJC_LITERAL_CONVERSION = YES;
				CLANG_WARN_OBJC_ROOT_CLASS = YES_ERROR;
				CLANG_WARN_RANGE_LOOP_ANALYSIS = YES;
				CLANG_WARN_STRICT_PROTOTYPES = YES;
				CLANG_WARN_SUSPICIOUS_MOVE = YES;
				CLANG_WARN_UNGUARDED_AVAILABILITY = YES_AGGRESSIVE;
				CLANG_WARN_UNREACHABLE_CODE = YES;
				CLANG_WARN__DUPLICATE_METHOD_MATCH = YES;
				CODE_SIGN_IDENTITY = "-";
				COPY_PHASE_STRIP = NO;
				DEBUG_INFORMATION_FORMAT = "dwarf-with-dsym";
				ENABLE_NS_ASSERTIONS = NO;
				ENABLE_STRICT_OBJC_MSGSEND = YES;
				GCC_C_LANGUAGE_STANDARD = gnu11;
				GCC_NO_COMMON_BLOCKS = YES;
				GCC_WARN_64_TO_32_BIT_CONVERSION = YES;
				GCC_WARN_ABOUT_RETURN_TYPE = YES_ERROR;
				GCC_WARN_UNDECLARED_SELECTOR = YES;
				GCC_WARN_UNINITIALIZED_AUTOS = YES_AGGRESSIVE;
				GCC_WARN_UNUSED_FUNCTION = YES;
				GCC_WARN_UNUSED_VARIABLE = YES;
				MACOSX_DEPLOYMENT_TARGET = 10.14;
				MTL_ENABLE_DEBUG_INFO = NO;
				MTL_FAST_MATH = YES;
				SDKROOT = macosx;
			};
			name = Release;
		};
		4FCD7406232BF037000461F4 /* Debug */ = {
			isa = XCBuildConfiguration;
			buildSettings = {
				CODE_SIGN_STYLE = Automatic;
				PRODUCT_NAME = "$(TARGET_NAME)";
			};
			name = Debug;
		};
		4FCD7407232BF037000461F4 /* Release */ = {
			isa = XCBuildConfiguration;
			buildSettings = {
				CODE_SIGN_STYLE = Automatic;
				PRODUCT_NAME = "$(TARGET_NAME)";
			};
			name = Release;
		};
/* End XCBuildConfiguration section */

/* Begin XCConfigurationList section */
		4FCD73F9232BF037000461F4 /* Build configuration list for PBXProject "DaneLab1" */ = {
			isa = XCConfigurationList;
			buildConfigurations = (
				4FCD7403232BF037000461F4 /* Debug */,
				4FCD7404232BF037000461F4 /* Release */,
			);
			defaultConfigurationIsVisible = 0;
			defaultConfigurationName = Release;
		};
		4FCD7405232BF037000461F4 /* Build configuration list for PBXNativeTarget "DaneLab1" */ = {
			isa = XCConfigurationList;
			buildConfigurations = (
				4FCD7406232BF037000461F4 /* Debug */,
				4FCD7407232BF037000461F4 /* Release */,
			);
			defaultConfigurationIsVisible = 0;
			defaultConfigurationName = Release;
		};
/* End XCConfigurationList section */
	};
	rootObject = 4FCD73F6232BF037000461F4 /* Project object */;
}
